// !$*UTF8*$!
{
	archiveVersion = 1;
	classes = {
	};
	objectVersion = 56;
	objects = {

/* Begin PBXBuildFile section */
		B135D5622C05F8D3006BB63C /* DownloadTaskImplementation.swift in Sources */ = {isa = PBXBuildFile; fileRef = B135D5612C05F8D3006BB63C /* DownloadTaskImplementation.swift */; };
		B159C2CA2C0768410031DA0F /* DownloadTask.swift in Sources */ = {isa = PBXBuildFile; fileRef = B159C2C92C0768410031DA0F /* DownloadTask.swift */; };
		B159C2CC2C076BD90031DA0F /* RequestTask.swift in Sources */ = {isa = PBXBuildFile; fileRef = B159C2CB2C076BD90031DA0F /* RequestTask.swift */; };
		B159C2D02C0771CD0031DA0F /* UploadTask.swift in Sources */ = {isa = PBXBuildFile; fileRef = B159C2CF2C0771CD0031DA0F /* UploadTask.swift */; };
		B159C2D22C0772270031DA0F /* UploadTaskImplementation.swift in Sources */ = {isa = PBXBuildFile; fileRef = B159C2D12C0772270031DA0F /* UploadTaskImplementation.swift */; };
		B159C2D42C07AA910031DA0F /* StringRequestTaskImplementation.swift in Sources */ = {isa = PBXBuildFile; fileRef = B159C2D32C07AA910031DA0F /* StringRequestTaskImplementation.swift */; };
		B159C2D62C07ACF00031DA0F /* DataRequestTaskImplementation.swift in Sources */ = {isa = PBXBuildFile; fileRef = B159C2D52C07ACF00031DA0F /* DataRequestTaskImplementation.swift */; };
		B159C2D82C07AD920031DA0F /* DecodableRequestTaskImplementation.swift in Sources */ = {isa = PBXBuildFile; fileRef = B159C2D72C07AD920031DA0F /* DecodableRequestTaskImplementation.swift */; };
		B1FEC7322BFFC3FA001AC836 /* NetworkProviderTypeAsyncAwait.swift in Sources */ = {isa = PBXBuildFile; fileRef = B1FEC7312BFFC3FA001AC836 /* NetworkProviderTypeAsyncAwait.swift */; };
		B1FEC7362BFFC451001AC836 /* NetworkProviderAsyncAwait.swift in Sources */ = {isa = PBXBuildFile; fileRef = B1FEC7352BFFC451001AC836 /* NetworkProviderAsyncAwait.swift */; };
		B1FEC7432C00D597001AC836 /* DataResponseExtensions.swift in Sources */ = {isa = PBXBuildFile; fileRef = B1FEC7422C00D597001AC836 /* DataResponseExtensions.swift */; };
		B1FEC7452C00D5AF001AC836 /* DownloadResponseExtensions.swift in Sources */ = {isa = PBXBuildFile; fileRef = B1FEC7442C00D5AF001AC836 /* DownloadResponseExtensions.swift */; };
		BA4E79D22AB3366700783E5D /* NetworkEngine.docc in Sources */ = {isa = PBXBuildFile; fileRef = BA4E79D12AB3366700783E5D /* NetworkEngine.docc */; };
		BA4E79D82AB3366700783E5D /* NetworkEngine.framework in Frameworks */ = {isa = PBXBuildFile; fileRef = BA4E79CD2AB3366700783E5D /* NetworkEngine.framework */; };
		BA4E79DD2AB3366700783E5D /* NetworkEngineTests.swift in Sources */ = {isa = PBXBuildFile; fileRef = BA4E79DC2AB3366700783E5D /* NetworkEngineTests.swift */; };
		BA4E79DE2AB3366700783E5D /* NetworkEngine.h in Headers */ = {isa = PBXBuildFile; fileRef = BA4E79D02AB3366700783E5D /* NetworkEngine.h */; settings = {ATTRIBUTES = (Public, ); }; };
		BA4E79E92AB3390A00783E5D /* Alamofire in Frameworks */ = {isa = PBXBuildFile; productRef = BA4E79E82AB3390A00783E5D /* Alamofire */; };
		BA4E79F72AB3396100783E5D /* MultipartFormData.swift in Sources */ = {isa = PBXBuildFile; fileRef = BA4E79EC2AB3396000783E5D /* MultipartFormData.swift */; };
		BA4E79FD2AB3396100783E5D /* TargetType.swift in Sources */ = {isa = PBXBuildFile; fileRef = BA4E79F22AB3396100783E5D /* TargetType.swift */; };
		BAC2E7A72AB4682F005B659D /* URLExtension.swift in Sources */ = {isa = PBXBuildFile; fileRef = BAC2E7A42AB4682F005B659D /* URLExtension.swift */; };
		BAC2E7A82AB4682F005B659D /* URLRequestEncoding.swift in Sources */ = {isa = PBXBuildFile; fileRef = BAC2E7A52AB4682F005B659D /* URLRequestEncoding.swift */; };
		BAC2E7A92AB4682F005B659D /* SessionExtension.swift in Sources */ = {isa = PBXBuildFile; fileRef = BAC2E7A62AB4682F005B659D /* SessionExtension.swift */; };
		BAC2E7B42AB4683D005B659D /* NetworkProviderTypeCombine.swift in Sources */ = {isa = PBXBuildFile; fileRef = BAC2E7AB2AB4683C005B659D /* NetworkProviderTypeCombine.swift */; };
		BAC2E7B52AB4683D005B659D /* NetworkRequestInterceptor.swift in Sources */ = {isa = PBXBuildFile; fileRef = BAC2E7AC2AB4683C005B659D /* NetworkRequestInterceptor.swift */; };
		BAC2E7B62AB4683D005B659D /* NetworkProviderCombine.swift in Sources */ = {isa = PBXBuildFile; fileRef = BAC2E7AD2AB4683D005B659D /* NetworkProviderCombine.swift */; };
		BAC2E7B72AB4683D005B659D /* NetworkTask.swift in Sources */ = {isa = PBXBuildFile; fileRef = BAC2E7AE2AB4683D005B659D /* NetworkTask.swift */; };
		BAC2E7B82AB4683D005B659D /* NetworkProvider.swift in Sources */ = {isa = PBXBuildFile; fileRef = BAC2E7AF2AB4683D005B659D /* NetworkProvider.swift */; };
		BAC2E7B92AB4683D005B659D /* DefaultInterceptor.swift in Sources */ = {isa = PBXBuildFile; fileRef = BAC2E7B02AB4683D005B659D /* DefaultInterceptor.swift */; };
		BAC2E7BA2AB4683D005B659D /* NetworkProviderType.swift in Sources */ = {isa = PBXBuildFile; fileRef = BAC2E7B12AB4683D005B659D /* NetworkProviderType.swift */; };
		BAC2E7BC2AB4683D005B659D /* NetworkError.swift in Sources */ = {isa = PBXBuildFile; fileRef = BAC2E7B32AB4683D005B659D /* NetworkError.swift */; };
		BAC2E7BE2AB46883005B659D /* EncodableExtension.swift in Sources */ = {isa = PBXBuildFile; fileRef = BAC2E7BD2AB46883005B659D /* EncodableExtension.swift */; };
		BAC2E7C02AB468B9005B659D /* StatusCodes.swift in Sources */ = {isa = PBXBuildFile; fileRef = BAC2E7BF2AB468B9005B659D /* StatusCodes.swift */; };
		BAC2E7C22AB468C5005B659D /* TypeAliases.swift in Sources */ = {isa = PBXBuildFile; fileRef = BAC2E7C12AB468C5005B659D /* TypeAliases.swift */; };
		BAC2E7C42AB46948005B659D /* DefaultInterceptorTests.swift in Sources */ = {isa = PBXBuildFile; fileRef = BAC2E7C32AB46948005B659D /* DefaultInterceptorTests.swift */; };
/* End PBXBuildFile section */

/* Begin PBXContainerItemProxy section */
		BA4E79D92AB3366700783E5D /* PBXContainerItemProxy */ = {
			isa = PBXContainerItemProxy;
			containerPortal = BA4E79C42AB3366700783E5D /* Project object */;
			proxyType = 1;
			remoteGlobalIDString = BA4E79CC2AB3366700783E5D;
			remoteInfo = NetworkEngine;
		};
/* End PBXContainerItemProxy section */

/* Begin PBXFileReference section */
		B135D5612C05F8D3006BB63C /* DownloadTaskImplementation.swift */ = {isa = PBXFileReference; lastKnownFileType = sourcecode.swift; path = DownloadTaskImplementation.swift; sourceTree = "<group>"; };
		B159C2C92C0768410031DA0F /* DownloadTask.swift */ = {isa = PBXFileReference; lastKnownFileType = sourcecode.swift; path = DownloadTask.swift; sourceTree = "<group>"; };
		B159C2CB2C076BD90031DA0F /* RequestTask.swift */ = {isa = PBXFileReference; lastKnownFileType = sourcecode.swift; path = RequestTask.swift; sourceTree = "<group>"; };
		B159C2CF2C0771CD0031DA0F /* UploadTask.swift */ = {isa = PBXFileReference; lastKnownFileType = sourcecode.swift; path = UploadTask.swift; sourceTree = "<group>"; };
		B159C2D12C0772270031DA0F /* UploadTaskImplementation.swift */ = {isa = PBXFileReference; lastKnownFileType = sourcecode.swift; path = UploadTaskImplementation.swift; sourceTree = "<group>"; };
		B159C2D32C07AA910031DA0F /* StringRequestTaskImplementation.swift */ = {isa = PBXFileReference; lastKnownFileType = sourcecode.swift; path = StringRequestTaskImplementation.swift; sourceTree = "<group>"; };
		B159C2D52C07ACF00031DA0F /* DataRequestTaskImplementation.swift */ = {isa = PBXFileReference; lastKnownFileType = sourcecode.swift; path = DataRequestTaskImplementation.swift; sourceTree = "<group>"; };
		B159C2D72C07AD920031DA0F /* DecodableRequestTaskImplementation.swift */ = {isa = PBXFileReference; lastKnownFileType = sourcecode.swift; path = DecodableRequestTaskImplementation.swift; sourceTree = "<group>"; };
		B1FEC7312BFFC3FA001AC836 /* NetworkProviderTypeAsyncAwait.swift */ = {isa = PBXFileReference; lastKnownFileType = sourcecode.swift; path = NetworkProviderTypeAsyncAwait.swift; sourceTree = "<group>"; };
		B1FEC7352BFFC451001AC836 /* NetworkProviderAsyncAwait.swift */ = {isa = PBXFileReference; lastKnownFileType = sourcecode.swift; path = NetworkProviderAsyncAwait.swift; sourceTree = "<group>"; };
		B1FEC7422C00D597001AC836 /* DataResponseExtensions.swift */ = {isa = PBXFileReference; lastKnownFileType = sourcecode.swift; path = DataResponseExtensions.swift; sourceTree = "<group>"; };
		B1FEC7442C00D5AF001AC836 /* DownloadResponseExtensions.swift */ = {isa = PBXFileReference; lastKnownFileType = sourcecode.swift; path = DownloadResponseExtensions.swift; sourceTree = "<group>"; };
		BA4E79CD2AB3366700783E5D /* NetworkEngine.framework */ = {isa = PBXFileReference; explicitFileType = wrapper.framework; includeInIndex = 0; path = NetworkEngine.framework; sourceTree = BUILT_PRODUCTS_DIR; };
		BA4E79D02AB3366700783E5D /* NetworkEngine.h */ = {isa = PBXFileReference; lastKnownFileType = sourcecode.c.h; path = NetworkEngine.h; sourceTree = "<group>"; };
		BA4E79D12AB3366700783E5D /* NetworkEngine.docc */ = {isa = PBXFileReference; lastKnownFileType = folder.documentationcatalog; path = NetworkEngine.docc; sourceTree = "<group>"; };
		BA4E79D72AB3366700783E5D /* NetworkEngineTests.xctest */ = {isa = PBXFileReference; explicitFileType = wrapper.cfbundle; includeInIndex = 0; path = NetworkEngineTests.xctest; sourceTree = BUILT_PRODUCTS_DIR; };
		BA4E79DC2AB3366700783E5D /* NetworkEngineTests.swift */ = {isa = PBXFileReference; lastKnownFileType = sourcecode.swift; path = NetworkEngineTests.swift; sourceTree = "<group>"; };
		BA4E79EC2AB3396000783E5D /* MultipartFormData.swift */ = {isa = PBXFileReference; fileEncoding = 4; lastKnownFileType = sourcecode.swift; path = MultipartFormData.swift; sourceTree = "<group>"; };
		BA4E79F22AB3396100783E5D /* TargetType.swift */ = {isa = PBXFileReference; fileEncoding = 4; lastKnownFileType = sourcecode.swift; path = TargetType.swift; sourceTree = "<group>"; };
		BAC2E7A42AB4682F005B659D /* URLExtension.swift */ = {isa = PBXFileReference; fileEncoding = 4; lastKnownFileType = sourcecode.swift; path = URLExtension.swift; sourceTree = "<group>"; };
		BAC2E7A52AB4682F005B659D /* URLRequestEncoding.swift */ = {isa = PBXFileReference; fileEncoding = 4; lastKnownFileType = sourcecode.swift; path = URLRequestEncoding.swift; sourceTree = "<group>"; };
		BAC2E7A62AB4682F005B659D /* SessionExtension.swift */ = {isa = PBXFileReference; fileEncoding = 4; lastKnownFileType = sourcecode.swift; path = SessionExtension.swift; sourceTree = "<group>"; };
		BAC2E7AB2AB4683C005B659D /* NetworkProviderTypeCombine.swift */ = {isa = PBXFileReference; fileEncoding = 4; lastKnownFileType = sourcecode.swift; path = NetworkProviderTypeCombine.swift; sourceTree = "<group>"; };
		BAC2E7AC2AB4683C005B659D /* NetworkRequestInterceptor.swift */ = {isa = PBXFileReference; fileEncoding = 4; lastKnownFileType = sourcecode.swift; path = NetworkRequestInterceptor.swift; sourceTree = "<group>"; };
		BAC2E7AD2AB4683D005B659D /* NetworkProviderCombine.swift */ = {isa = PBXFileReference; fileEncoding = 4; lastKnownFileType = sourcecode.swift; path = NetworkProviderCombine.swift; sourceTree = "<group>"; };
		BAC2E7AE2AB4683D005B659D /* NetworkTask.swift */ = {isa = PBXFileReference; fileEncoding = 4; lastKnownFileType = sourcecode.swift; path = NetworkTask.swift; sourceTree = "<group>"; };
		BAC2E7AF2AB4683D005B659D /* NetworkProvider.swift */ = {isa = PBXFileReference; fileEncoding = 4; lastKnownFileType = sourcecode.swift; path = NetworkProvider.swift; sourceTree = "<group>"; };
		BAC2E7B02AB4683D005B659D /* DefaultInterceptor.swift */ = {isa = PBXFileReference; fileEncoding = 4; lastKnownFileType = sourcecode.swift; path = DefaultInterceptor.swift; sourceTree = "<group>"; };
		BAC2E7B12AB4683D005B659D /* NetworkProviderType.swift */ = {isa = PBXFileReference; fileEncoding = 4; lastKnownFileType = sourcecode.swift; path = NetworkProviderType.swift; sourceTree = "<group>"; };
		BAC2E7B32AB4683D005B659D /* NetworkError.swift */ = {isa = PBXFileReference; fileEncoding = 4; lastKnownFileType = sourcecode.swift; path = NetworkError.swift; sourceTree = "<group>"; };
		BAC2E7BD2AB46883005B659D /* EncodableExtension.swift */ = {isa = PBXFileReference; fileEncoding = 4; lastKnownFileType = sourcecode.swift; path = EncodableExtension.swift; sourceTree = "<group>"; };
		BAC2E7BF2AB468B9005B659D /* StatusCodes.swift */ = {isa = PBXFileReference; fileEncoding = 4; lastKnownFileType = sourcecode.swift; path = StatusCodes.swift; sourceTree = "<group>"; };
		BAC2E7C12AB468C5005B659D /* TypeAliases.swift */ = {isa = PBXFileReference; fileEncoding = 4; lastKnownFileType = sourcecode.swift; path = TypeAliases.swift; sourceTree = "<group>"; };
		BAC2E7C32AB46948005B659D /* DefaultInterceptorTests.swift */ = {isa = PBXFileReference; fileEncoding = 4; lastKnownFileType = sourcecode.swift; path = DefaultInterceptorTests.swift; sourceTree = "<group>"; };
/* End PBXFileReference section */

/* Begin PBXFrameworksBuildPhase section */
		BA4E79CA2AB3366700783E5D /* Frameworks */ = {
			isa = PBXFrameworksBuildPhase;
			buildActionMask = 2147483647;
			files = (
				BA4E79E92AB3390A00783E5D /* Alamofire in Frameworks */,
			);
			runOnlyForDeploymentPostprocessing = 0;
		};
		BA4E79D42AB3366700783E5D /* Frameworks */ = {
			isa = PBXFrameworksBuildPhase;
			buildActionMask = 2147483647;
			files = (
				BA4E79D82AB3366700783E5D /* NetworkEngine.framework in Frameworks */,
			);
			runOnlyForDeploymentPostprocessing = 0;
		};
/* End PBXFrameworksBuildPhase section */

/* Begin PBXGroup section */
		B1FEC7332BFFC421001AC836 /* ProviderType */ = {
			isa = PBXGroup;
			children = (
				BAC2E7B12AB4683D005B659D /* NetworkProviderType.swift */,
				BAC2E7AB2AB4683C005B659D /* NetworkProviderTypeCombine.swift */,
				B1FEC7312BFFC3FA001AC836 /* NetworkProviderTypeAsyncAwait.swift */,
			);
			path = ProviderType;
			sourceTree = "<group>";
		};
		B1FEC7342BFFC439001AC836 /* Provider */ = {
			isa = PBXGroup;
			children = (
				BAC2E7AF2AB4683D005B659D /* NetworkProvider.swift */,
				BAC2E7AD2AB4683D005B659D /* NetworkProviderCombine.swift */,
				B1FEC7352BFFC451001AC836 /* NetworkProviderAsyncAwait.swift */,
			);
			path = Provider;
			sourceTree = "<group>";
		};
		B1FEC7372BFFC4A0001AC836 /* Interceptor */ = {
			isa = PBXGroup;
			children = (
				BAC2E7B02AB4683D005B659D /* DefaultInterceptor.swift */,
				BAC2E7AC2AB4683C005B659D /* NetworkRequestInterceptor.swift */,
			);
			path = Interceptor;
			sourceTree = "<group>";
		};
		B1FEC73B2C009CFC001AC836 /* NetworkError */ = {
			isa = PBXGroup;
			children = (
				BAC2E7B32AB4683D005B659D /* NetworkError.swift */,
				BAC2E7BF2AB468B9005B659D /* StatusCodes.swift */,
			);
			path = NetworkError;
			sourceTree = "<group>";
		};
		B1FEC73C2C009D42001AC836 /* Request */ = {
			isa = PBXGroup;
			children = (
				BA4E79F22AB3396100783E5D /* TargetType.swift */,
				BAC2E7AE2AB4683D005B659D /* NetworkTask.swift */,
				BA4E79EC2AB3396000783E5D /* MultipartFormData.swift */,
				B159C2CB2C076BD90031DA0F /* RequestTask.swift */,
				B159C2CF2C0771CD0031DA0F /* UploadTask.swift */,
				B159C2C92C0768410031DA0F /* DownloadTask.swift */,
				B159C2D12C0772270031DA0F /* UploadTaskImplementation.swift */,
				B135D5612C05F8D3006BB63C /* DownloadTaskImplementation.swift */,
				B159C2D32C07AA910031DA0F /* StringRequestTaskImplementation.swift */,
				B159C2D52C07ACF00031DA0F /* DataRequestTaskImplementation.swift */,
				B159C2D72C07AD920031DA0F /* DecodableRequestTaskImplementation.swift */,
			);
			path = Request;
			sourceTree = "<group>";
		};
		BA4E79C32AB3366700783E5D = {
			isa = PBXGroup;
			children = (
				BA4E79CF2AB3366700783E5D /* NetworkEngine */,
				BA4E79DB2AB3366700783E5D /* NetworkEngineTests */,
				BA4E79CE2AB3366700783E5D /* Products */,
			);
			sourceTree = "<group>";
		};
		BA4E79CE2AB3366700783E5D /* Products */ = {
			isa = PBXGroup;
			children = (
				BA4E79CD2AB3366700783E5D /* NetworkEngine.framework */,
				BA4E79D72AB3366700783E5D /* NetworkEngineTests.xctest */,
			);
			name = Products;
			sourceTree = "<group>";
		};
		BA4E79CF2AB3366700783E5D /* NetworkEngine */ = {
			isa = PBXGroup;
			children = (
				BAC2E7AA2AB4683C005B659D /* Network */,
				BAC2E7C12AB468C5005B659D /* TypeAliases.swift */,
				BA4E79D02AB3366700783E5D /* NetworkEngine.h */,
				BA4E79D12AB3366700783E5D /* NetworkEngine.docc */,
			);
			path = NetworkEngine;
			sourceTree = "<group>";
		};
		BA4E79DB2AB3366700783E5D /* NetworkEngineTests */ = {
			isa = PBXGroup;
			children = (
				BAC2E7C32AB46948005B659D /* DefaultInterceptorTests.swift */,
				BA4E79DC2AB3366700783E5D /* NetworkEngineTests.swift */,
			);
			path = NetworkEngineTests;
			sourceTree = "<group>";
		};
		BAC2E7A32AB4682F005B659D /* Extensions */ = {
			isa = PBXGroup;
			children = (
				BAC2E7A42AB4682F005B659D /* URLExtension.swift */,
				BAC2E7A62AB4682F005B659D /* SessionExtension.swift */,
				BAC2E7BD2AB46883005B659D /* EncodableExtension.swift */,
				BAC2E7A52AB4682F005B659D /* URLRequestEncoding.swift */,
				B1FEC7422C00D597001AC836 /* DataResponseExtensions.swift */,
				B1FEC7442C00D5AF001AC836 /* DownloadResponseExtensions.swift */,
			);
			name = Extensions;
			path = ../Extensions;
			sourceTree = "<group>";
		};
		BAC2E7AA2AB4683C005B659D /* Network */ = {
			isa = PBXGroup;
			children = (
				B1FEC73C2C009D42001AC836 /* Request */,
				B1FEC7342BFFC439001AC836 /* Provider */,
				B1FEC7332BFFC421001AC836 /* ProviderType */,
				B1FEC7372BFFC4A0001AC836 /* Interceptor */,
				B1FEC73B2C009CFC001AC836 /* NetworkError */,
				BAC2E7A32AB4682F005B659D /* Extensions */,
			);
			path = Network;
			sourceTree = "<group>";
		};
/* End PBXGroup section */

/* Begin PBXHeadersBuildPhase section */
		BA4E79C82AB3366700783E5D /* Headers */ = {
			isa = PBXHeadersBuildPhase;
			buildActionMask = 2147483647;
			files = (
				BA4E79DE2AB3366700783E5D /* NetworkEngine.h in Headers */,
			);
			runOnlyForDeploymentPostprocessing = 0;
		};
/* End PBXHeadersBuildPhase section */

/* Begin PBXNativeTarget section */
		BA4E79CC2AB3366700783E5D /* NetworkEngine */ = {
			isa = PBXNativeTarget;
			buildConfigurationList = BA4E79E12AB3366700783E5D /* Build configuration list for PBXNativeTarget "NetworkEngine" */;
			buildPhases = (
				BA4E79C82AB3366700783E5D /* Headers */,
				BA4E79C92AB3366700783E5D /* Sources */,
				BA4E79CA2AB3366700783E5D /* Frameworks */,
				BA4E79CB2AB3366700783E5D /* Resources */,
			);
			buildRules = (
			);
			dependencies = (
			);
			name = NetworkEngine;
			packageProductDependencies = (
				BA4E79E82AB3390A00783E5D /* Alamofire */,
			);
			productName = NetworkEngine;
			productReference = BA4E79CD2AB3366700783E5D /* NetworkEngine.framework */;
			productType = "com.apple.product-type.framework";
		};
		BA4E79D62AB3366700783E5D /* NetworkEngineTests */ = {
			isa = PBXNativeTarget;
			buildConfigurationList = BA4E79E42AB3366700783E5D /* Build configuration list for PBXNativeTarget "NetworkEngineTests" */;
			buildPhases = (
				BA4E79D32AB3366700783E5D /* Sources */,
				BA4E79D42AB3366700783E5D /* Frameworks */,
				BA4E79D52AB3366700783E5D /* Resources */,
			);
			buildRules = (
			);
			dependencies = (
				BA4E79DA2AB3366700783E5D /* PBXTargetDependency */,
			);
			name = NetworkEngineTests;
			productName = NetworkEngineTests;
			productReference = BA4E79D72AB3366700783E5D /* NetworkEngineTests.xctest */;
			productType = "com.apple.product-type.bundle.unit-test";
		};
/* End PBXNativeTarget section */

/* Begin PBXProject section */
		BA4E79C42AB3366700783E5D /* Project object */ = {
			isa = PBXProject;
			attributes = {
				BuildIndependentTargetsInParallel = 1;
				LastSwiftUpdateCheck = 1500;
				LastUpgradeCheck = 1500;
				TargetAttributes = {
					BA4E79CC2AB3366700783E5D = {
						CreatedOnToolsVersion = 15.0;
					};
					BA4E79D62AB3366700783E5D = {
						CreatedOnToolsVersion = 15.0;
					};
				};
			};
			buildConfigurationList = BA4E79C72AB3366700783E5D /* Build configuration list for PBXProject "NetworkEngine" */;
			compatibilityVersion = "Xcode 14.0";
			developmentRegion = en;
			hasScannedForEncodings = 0;
			knownRegions = (
				en,
				Base,
			);
			mainGroup = BA4E79C32AB3366700783E5D;
			packageReferences = (
				BA4E79E72AB3390A00783E5D /* XCRemoteSwiftPackageReference "Alamofire" */,
			);
			productRefGroup = BA4E79CE2AB3366700783E5D /* Products */;
			projectDirPath = "";
			projectRoot = "";
			targets = (
				BA4E79CC2AB3366700783E5D /* NetworkEngine */,
				BA4E79D62AB3366700783E5D /* NetworkEngineTests */,
			);
		};
/* End PBXProject section */

/* Begin PBXResourcesBuildPhase section */
		BA4E79CB2AB3366700783E5D /* Resources */ = {
			isa = PBXResourcesBuildPhase;
			buildActionMask = 2147483647;
			files = (
			);
			runOnlyForDeploymentPostprocessing = 0;
		};
		BA4E79D52AB3366700783E5D /* Resources */ = {
			isa = PBXResourcesBuildPhase;
			buildActionMask = 2147483647;
			files = (
			);
			runOnlyForDeploymentPostprocessing = 0;
		};
/* End PBXResourcesBuildPhase section */

/* Begin PBXSourcesBuildPhase section */
		BA4E79C92AB3366700783E5D /* Sources */ = {
			isa = PBXSourcesBuildPhase;
			buildActionMask = 2147483647;
			files = (
				B159C2CA2C0768410031DA0F /* DownloadTask.swift in Sources */,
				BAC2E7B62AB4683D005B659D /* NetworkProviderCombine.swift in Sources */,
				B135D5622C05F8D3006BB63C /* DownloadTaskImplementation.swift in Sources */,
				BAC2E7BC2AB4683D005B659D /* NetworkError.swift in Sources */,
				BAC2E7C02AB468B9005B659D /* StatusCodes.swift in Sources */,
				BA4E79FD2AB3396100783E5D /* TargetType.swift in Sources */,
				B1FEC7432C00D597001AC836 /* DataResponseExtensions.swift in Sources */,
				B159C2CC2C076BD90031DA0F /* RequestTask.swift in Sources */,
				BAC2E7B42AB4683D005B659D /* NetworkProviderTypeCombine.swift in Sources */,
				B159C2D62C07ACF00031DA0F /* DataRequestTaskImplementation.swift in Sources */,
				B1FEC7322BFFC3FA001AC836 /* NetworkProviderTypeAsyncAwait.swift in Sources */,
				B1FEC7362BFFC451001AC836 /* NetworkProviderAsyncAwait.swift in Sources */,
				BAC2E7A92AB4682F005B659D /* SessionExtension.swift in Sources */,
				BAC2E7C22AB468C5005B659D /* TypeAliases.swift in Sources */,
				BAC2E7BA2AB4683D005B659D /* NetworkProviderType.swift in Sources */,
				B1FEC7452C00D5AF001AC836 /* DownloadResponseExtensions.swift in Sources */,
				BA4E79F72AB3396100783E5D /* MultipartFormData.swift in Sources */,
				B159C2D22C0772270031DA0F /* UploadTaskImplementation.swift in Sources */,
				BAC2E7BE2AB46883005B659D /* EncodableExtension.swift in Sources */,
				B159C2D42C07AA910031DA0F /* StringRequestTaskImplementation.swift in Sources */,
				BAC2E7B82AB4683D005B659D /* NetworkProvider.swift in Sources */,
				BAC2E7A82AB4682F005B659D /* URLRequestEncoding.swift in Sources */,
				BAC2E7A72AB4682F005B659D /* URLExtension.swift in Sources */,
				BAC2E7B72AB4683D005B659D /* NetworkTask.swift in Sources */,
				BAC2E7B52AB4683D005B659D /* NetworkRequestInterceptor.swift in Sources */,
				BA4E79D22AB3366700783E5D /* NetworkEngine.docc in Sources */,
				BAC2E7B92AB4683D005B659D /* DefaultInterceptor.swift in Sources */,
				B159C2D82C07AD920031DA0F /* DecodableRequestTaskImplementation.swift in Sources */,
				B159C2D02C0771CD0031DA0F /* UploadTask.swift in Sources */,
			);
			runOnlyForDeploymentPostprocessing = 0;
		};
		BA4E79D32AB3366700783E5D /* Sources */ = {
			isa = PBXSourcesBuildPhase;
			buildActionMask = 2147483647;
			files = (
				BA4E79DD2AB3366700783E5D /* NetworkEngineTests.swift in Sources */,
				BAC2E7C42AB46948005B659D /* DefaultInterceptorTests.swift in Sources */,
			);
			runOnlyForDeploymentPostprocessing = 0;
		};
/* End PBXSourcesBuildPhase section */

/* Begin PBXTargetDependency section */
		BA4E79DA2AB3366700783E5D /* PBXTargetDependency */ = {
			isa = PBXTargetDependency;
			target = BA4E79CC2AB3366700783E5D /* NetworkEngine */;
			targetProxy = BA4E79D92AB3366700783E5D /* PBXContainerItemProxy */;
		};
/* End PBXTargetDependency section */

/* Begin XCBuildConfiguration section */
		BA4E79DF2AB3366700783E5D /* Debug */ = {
			isa = XCBuildConfiguration;
			buildSettings = {
				ALLOW_TARGET_PLATFORM_SPECIALIZATION = YES;
				ALWAYS_SEARCH_USER_PATHS = NO;
				ASSETCATALOG_COMPILER_GENERATE_SWIFT_ASSET_SYMBOL_EXTENSIONS = YES;
				CLANG_ANALYZER_NONNULL = YES;
				CLANG_ANALYZER_NUMBER_OBJECT_CONVERSION = YES_AGGRESSIVE;
				CLANG_CXX_LANGUAGE_STANDARD = "gnu++20";
				CLANG_ENABLE_MODULES = YES;
				CLANG_ENABLE_OBJC_ARC = YES;
				CLANG_ENABLE_OBJC_WEAK = YES;
				CLANG_WARN_BLOCK_CAPTURE_AUTORELEASING = YES;
				CLANG_WARN_BOOL_CONVERSION = YES;
				CLANG_WARN_COMMA = YES;
				CLANG_WARN_CONSTANT_CONVERSION = YES;
				CLANG_WARN_DEPRECATED_OBJC_IMPLEMENTATIONS = YES;
				CLANG_WARN_DIRECT_OBJC_ISA_USAGE = YES_ERROR;
				CLANG_WARN_DOCUMENTATION_COMMENTS = YES;
				CLANG_WARN_EMPTY_BODY = YES;
				CLANG_WARN_ENUM_CONVERSION = YES;
				CLANG_WARN_INFINITE_RECURSION = YES;
				CLANG_WARN_INT_CONVERSION = YES;
				CLANG_WARN_NON_LITERAL_NULL_CONVERSION = YES;
				CLANG_WARN_OBJC_IMPLICIT_RETAIN_SELF = YES;
				CLANG_WARN_OBJC_LITERAL_CONVERSION = YES;
				CLANG_WARN_OBJC_ROOT_CLASS = YES_ERROR;
				CLANG_WARN_QUOTED_INCLUDE_IN_FRAMEWORK_HEADER = YES;
				CLANG_WARN_RANGE_LOOP_ANALYSIS = YES;
				CLANG_WARN_STRICT_PROTOTYPES = YES;
				CLANG_WARN_SUSPICIOUS_MOVE = YES;
				CLANG_WARN_UNGUARDED_AVAILABILITY = YES_AGGRESSIVE;
				CLANG_WARN_UNREACHABLE_CODE = YES;
				CLANG_WARN__DUPLICATE_METHOD_MATCH = YES;
				COPY_PHASE_STRIP = NO;
				CURRENT_PROJECT_VERSION = 1;
				DEBUG_INFORMATION_FORMAT = dwarf;
				ENABLE_STRICT_OBJC_MSGSEND = YES;
				ENABLE_TESTABILITY = YES;
				ENABLE_USER_SCRIPT_SANDBOXING = YES;
				GCC_C_LANGUAGE_STANDARD = gnu17;
				GCC_DYNAMIC_NO_PIC = NO;
				GCC_NO_COMMON_BLOCKS = YES;
				GCC_OPTIMIZATION_LEVEL = 0;
				GCC_PREPROCESSOR_DEFINITIONS = (
					"DEBUG=1",
					"$(inherited)",
				);
				GCC_WARN_64_TO_32_BIT_CONVERSION = YES;
				GCC_WARN_ABOUT_RETURN_TYPE = YES_ERROR;
				GCC_WARN_UNDECLARED_SELECTOR = YES;
				GCC_WARN_UNINITIALIZED_AUTOS = YES_AGGRESSIVE;
				GCC_WARN_UNUSED_FUNCTION = YES;
				GCC_WARN_UNUSED_VARIABLE = YES;
				LOCALIZATION_PREFERS_STRING_CATALOGS = YES;
				MTL_ENABLE_DEBUG_INFO = INCLUDE_SOURCE;
				MTL_FAST_MATH = YES;
				ONLY_ACTIVE_ARCH = YES;
				SUPPORTED_PLATFORMS = "watchsimulator watchos macosx iphonesimulator iphoneos driverkit appletvsimulator appletvos";
				SUPPORTS_MACCATALYST = YES;
				SWIFT_ACTIVE_COMPILATION_CONDITIONS = "DEBUG $(inherited)";
				SWIFT_OPTIMIZATION_LEVEL = "-Onone";
				VERSIONING_SYSTEM = "apple-generic";
				VERSION_INFO_PREFIX = "";
			};
			name = Debug;
		};
		BA4E79E02AB3366700783E5D /* Release */ = {
			isa = XCBuildConfiguration;
			buildSettings = {
				ALLOW_TARGET_PLATFORM_SPECIALIZATION = YES;
				ALWAYS_SEARCH_USER_PATHS = NO;
				ASSETCATALOG_COMPILER_GENERATE_SWIFT_ASSET_SYMBOL_EXTENSIONS = YES;
				CLANG_ANALYZER_NONNULL = YES;
				CLANG_ANALYZER_NUMBER_OBJECT_CONVERSION = YES_AGGRESSIVE;
				CLANG_CXX_LANGUAGE_STANDARD = "gnu++20";
				CLANG_ENABLE_MODULES = YES;
				CLANG_ENABLE_OBJC_ARC = YES;
				CLANG_ENABLE_OBJC_WEAK = YES;
				CLANG_WARN_BLOCK_CAPTURE_AUTORELEASING = YES;
				CLANG_WARN_BOOL_CONVERSION = YES;
				CLANG_WARN_COMMA = YES;
				CLANG_WARN_CONSTANT_CONVERSION = YES;
				CLANG_WARN_DEPRECATED_OBJC_IMPLEMENTATIONS = YES;
				CLANG_WARN_DIRECT_OBJC_ISA_USAGE = YES_ERROR;
				CLANG_WARN_DOCUMENTATION_COMMENTS = YES;
				CLANG_WARN_EMPTY_BODY = YES;
				CLANG_WARN_ENUM_CONVERSION = YES;
				CLANG_WARN_INFINITE_RECURSION = YES;
				CLANG_WARN_INT_CONVERSION = YES;
				CLANG_WARN_NON_LITERAL_NULL_CONVERSION = YES;
				CLANG_WARN_OBJC_IMPLICIT_RETAIN_SELF = YES;
				CLANG_WARN_OBJC_LITERAL_CONVERSION = YES;
				CLANG_WARN_OBJC_ROOT_CLASS = YES_ERROR;
				CLANG_WARN_QUOTED_INCLUDE_IN_FRAMEWORK_HEADER = YES;
				CLANG_WARN_RANGE_LOOP_ANALYSIS = YES;
				CLANG_WARN_STRICT_PROTOTYPES = YES;
				CLANG_WARN_SUSPICIOUS_MOVE = YES;
				CLANG_WARN_UNGUARDED_AVAILABILITY = YES_AGGRESSIVE;
				CLANG_WARN_UNREACHABLE_CODE = YES;
				CLANG_WARN__DUPLICATE_METHOD_MATCH = YES;
				COPY_PHASE_STRIP = NO;
				CURRENT_PROJECT_VERSION = 1;
				DEBUG_INFORMATION_FORMAT = "dwarf-with-dsym";
				ENABLE_NS_ASSERTIONS = NO;
				ENABLE_STRICT_OBJC_MSGSEND = YES;
				ENABLE_USER_SCRIPT_SANDBOXING = YES;
				GCC_C_LANGUAGE_STANDARD = gnu17;
				GCC_NO_COMMON_BLOCKS = YES;
				GCC_WARN_64_TO_32_BIT_CONVERSION = YES;
				GCC_WARN_ABOUT_RETURN_TYPE = YES_ERROR;
				GCC_WARN_UNDECLARED_SELECTOR = YES;
				GCC_WARN_UNINITIALIZED_AUTOS = YES_AGGRESSIVE;
				GCC_WARN_UNUSED_FUNCTION = YES;
				GCC_WARN_UNUSED_VARIABLE = YES;
				LOCALIZATION_PREFERS_STRING_CATALOGS = YES;
				MTL_ENABLE_DEBUG_INFO = NO;
				MTL_FAST_MATH = YES;
				SUPPORTED_PLATFORMS = "watchsimulator watchos macosx iphonesimulator iphoneos driverkit appletvsimulator appletvos";
				SUPPORTS_MACCATALYST = YES;
				SWIFT_COMPILATION_MODE = wholemodule;
				VERSIONING_SYSTEM = "apple-generic";
				VERSION_INFO_PREFIX = "";
			};
			name = Release;
		};
		BA4E79E22AB3366700783E5D /* Debug */ = {
			isa = XCBuildConfiguration;
			buildSettings = {
				ALLOW_TARGET_PLATFORM_SPECIALIZATION = YES;
				BUILD_LIBRARY_FOR_DISTRIBUTION = YES;
				CODE_SIGN_STYLE = Automatic;
				CURRENT_PROJECT_VERSION = 1;
				DEFINES_MODULE = YES;
				DYLIB_COMPATIBILITY_VERSION = 1;
				DYLIB_CURRENT_VERSION = 1;
				DYLIB_INSTALL_NAME_BASE = "@rpath";
				ENABLE_MODULE_VERIFIER = YES;
				GENERATE_INFOPLIST_FILE = YES;
				INFOPLIST_KEY_NSHumanReadableCopyright = "";
				INSTALL_PATH = "$(LOCAL_LIBRARY_DIR)/Frameworks";
				IPHONEOS_DEPLOYMENT_TARGET = 15.0;
				LD_RUNPATH_SEARCH_PATHS = (
					"@executable_path/Frameworks",
					"@loader_path/Frameworks",
				);
				"LD_RUNPATH_SEARCH_PATHS[sdk=macosx*]" = (
					"@executable_path/../Frameworks",
					"@loader_path/Frameworks",
				);
				MACOSX_DEPLOYMENT_TARGET = 13.0;
				MARKETING_VERSION = 1.0;
				MODULE_VERIFIER_SUPPORTED_LANGUAGES = "objective-c objective-c++";
				MODULE_VERIFIER_SUPPORTED_LANGUAGE_STANDARDS = "gnu17 gnu++20";
				PRODUCT_BUNDLE_IDENTIFIER = com.simformsolutions.NetworkEngine;
				PRODUCT_NAME = "$(TARGET_NAME:c99extidentifier)";
				SDKROOT = auto;
				SKIP_INSTALL = NO;
				SUPPORTED_PLATFORMS = "watchsimulator watchos macosx iphonesimulator iphoneos driverkit appletvsimulator appletvos";
				SUPPORTS_MACCATALYST = YES;
				SWIFT_EMIT_LOC_STRINGS = YES;
				SWIFT_VERSION = 5.0;
				TARGETED_DEVICE_FAMILY = "1,2";
			};
			name = Debug;
		};
		BA4E79E32AB3366700783E5D /* Release */ = {
			isa = XCBuildConfiguration;
			buildSettings = {
				ALLOW_TARGET_PLATFORM_SPECIALIZATION = YES;
				BUILD_LIBRARY_FOR_DISTRIBUTION = YES;
				CODE_SIGN_STYLE = Automatic;
				CURRENT_PROJECT_VERSION = 1;
				DEFINES_MODULE = YES;
				DYLIB_COMPATIBILITY_VERSION = 1;
				DYLIB_CURRENT_VERSION = 1;
				DYLIB_INSTALL_NAME_BASE = "@rpath";
				ENABLE_MODULE_VERIFIER = YES;
				GENERATE_INFOPLIST_FILE = YES;
				INFOPLIST_KEY_NSHumanReadableCopyright = "";
				INSTALL_PATH = "$(LOCAL_LIBRARY_DIR)/Frameworks";
				IPHONEOS_DEPLOYMENT_TARGET = 15.0;
				LD_RUNPATH_SEARCH_PATHS = (
					"@executable_path/Frameworks",
					"@loader_path/Frameworks",
				);
				"LD_RUNPATH_SEARCH_PATHS[sdk=macosx*]" = (
					"@executable_path/../Frameworks",
					"@loader_path/Frameworks",
				);
				MACOSX_DEPLOYMENT_TARGET = 13.0;
				MARKETING_VERSION = 1.0;
				MODULE_VERIFIER_SUPPORTED_LANGUAGES = "objective-c objective-c++";
				MODULE_VERIFIER_SUPPORTED_LANGUAGE_STANDARDS = "gnu17 gnu++20";
				PRODUCT_BUNDLE_IDENTIFIER = com.simformsolutions.NetworkEngine;
				PRODUCT_NAME = "$(TARGET_NAME:c99extidentifier)";
				SDKROOT = auto;
				SKIP_INSTALL = NO;
				SUPPORTED_PLATFORMS = "watchsimulator watchos macosx iphonesimulator iphoneos driverkit appletvsimulator appletvos";
				SUPPORTS_MACCATALYST = YES;
				SWIFT_EMIT_LOC_STRINGS = YES;
				SWIFT_VERSION = 5.0;
				TARGETED_DEVICE_FAMILY = "1,2";
			};
			name = Release;
		};
		BA4E79E52AB3366700783E5D /* Debug */ = {
			isa = XCBuildConfiguration;
			buildSettings = {
				ALWAYS_EMBED_SWIFT_STANDARD_LIBRARIES = YES;
				CODE_SIGN_STYLE = Automatic;
				CURRENT_PROJECT_VERSION = 1;
				GENERATE_INFOPLIST_FILE = YES;
				IPHONEOS_DEPLOYMENT_TARGET = 15.0;
				MACOSX_DEPLOYMENT_TARGET = 13.5;
				MARKETING_VERSION = 1.0;
				PRODUCT_BUNDLE_IDENTIFIER = com.simformsolutions.NetworkEngineTests;
				PRODUCT_NAME = "$(TARGET_NAME)";
				SDKROOT = auto;
				SUPPORTED_PLATFORMS = "iphoneos iphonesimulator watchos watchsimulator";
				SUPPORTS_MACCATALYST = NO;
				SWIFT_EMIT_LOC_STRINGS = NO;
				SWIFT_VERSION = 5.0;
				TARGETED_DEVICE_FAMILY = "1,2,4";
				WATCHOS_DEPLOYMENT_TARGET = 9.0;
			};
			name = Debug;
		};
		BA4E79E62AB3366700783E5D /* Release */ = {
			isa = XCBuildConfiguration;
			buildSettings = {
				ALWAYS_EMBED_SWIFT_STANDARD_LIBRARIES = YES;
				CODE_SIGN_STYLE = Automatic;
				CURRENT_PROJECT_VERSION = 1;
				GENERATE_INFOPLIST_FILE = YES;
				IPHONEOS_DEPLOYMENT_TARGET = 15.0;
				MACOSX_DEPLOYMENT_TARGET = 13.5;
				MARKETING_VERSION = 1.0;
				PRODUCT_BUNDLE_IDENTIFIER = com.simformsolutions.NetworkEngineTests;
				PRODUCT_NAME = "$(TARGET_NAME)";
				SDKROOT = auto;
				SUPPORTED_PLATFORMS = "iphoneos iphonesimulator watchos watchsimulator";
				SUPPORTS_MACCATALYST = NO;
				SWIFT_EMIT_LOC_STRINGS = NO;
				SWIFT_VERSION = 5.0;
				TARGETED_DEVICE_FAMILY = "1,2,4";
				WATCHOS_DEPLOYMENT_TARGET = 9.0;
			};
			name = Release;
		};
/* End XCBuildConfiguration section */

/* Begin XCConfigurationList section */
		BA4E79C72AB3366700783E5D /* Build configuration list for PBXProject "NetworkEngine" */ = {
			isa = XCConfigurationList;
			buildConfigurations = (
				BA4E79DF2AB3366700783E5D /* Debug */,
				BA4E79E02AB3366700783E5D /* Release */,
			);
			defaultConfigurationIsVisible = 0;
			defaultConfigurationName = Release;
		};
		BA4E79E12AB3366700783E5D /* Build configuration list for PBXNativeTarget "NetworkEngine" */ = {
			isa = XCConfigurationList;
			buildConfigurations = (
				BA4E79E22AB3366700783E5D /* Debug */,
				BA4E79E32AB3366700783E5D /* Release */,
			);
			defaultConfigurationIsVisible = 0;
			defaultConfigurationName = Release;
		};
		BA4E79E42AB3366700783E5D /* Build configuration list for PBXNativeTarget "NetworkEngineTests" */ = {
			isa = XCConfigurationList;
			buildConfigurations = (
				BA4E79E52AB3366700783E5D /* Debug */,
				BA4E79E62AB3366700783E5D /* Release */,
			);
			defaultConfigurationIsVisible = 0;
			defaultConfigurationName = Release;
		};
/* End XCConfigurationList section */

/* Begin XCRemoteSwiftPackageReference section */
		BA4E79E72AB3390A00783E5D /* XCRemoteSwiftPackageReference "Alamofire" */ = {
			isa = XCRemoteSwiftPackageReference;
			repositoryURL = "https://github.com/Alamofire/Alamofire.git";
			requirement = {
				kind = exactVersion;
				version = 5.9.1;
			};
		};
/* End XCRemoteSwiftPackageReference section */

/* Begin XCSwiftPackageProductDependency section */
		BA4E79E82AB3390A00783E5D /* Alamofire */ = {
			isa = XCSwiftPackageProductDependency;
			package = BA4E79E72AB3390A00783E5D /* XCRemoteSwiftPackageReference "Alamofire" */;
			productName = Alamofire;
		};
/* End XCSwiftPackageProductDependency section */
	};
	rootObject = BA4E79C42AB3366700783E5D /* Project object */;
}
